github.com/aws/aws-sdk-go-v2 v0.7.0 h1:a5xRI/tBmUFKuAA0SOyEY2P1YhQb+jVOEI9P/7KfrP0=
github.com/aws/aws-sdk-go-v2 v0.7.0/go.mod h1:17MaCZ9g0q5BIMxwzRQeiv8M3c8+W7iuBnlWAEprcxE=
github.com/davecgh/go-spew v1.1.0/go.mod h1:J7Y8YcW2NihsgmVo/mv3lAwl/skON4iLHjSsI+c5H38=
github.com/davecgh/go-spew v1.1.1 h1:vj9j/u1bqnvCEfJOwUhtlOARqs3+rkHYY13jYWTU97c=
github.com/davecgh/go-spew v1.1.1/go.mod h1:J7Y8YcW2NihsgmVo/mv3lAwl/skON4iLHjSsI+c5H38=
github.com/go-sql-driver/mysql v1.4.0/go.mod h1:zAC/RDZ24gD3HViQzih4MyKcchzm+sOG5ZlKdlhCg5w=
github.com/golang/protobuf v1.2.0 h1:P3YflyNX/ehuJFLhxviNdFxQPkGK5cDcApsge1SqnvM=
github.com/golang/protobuf v1.2.0/go.mod h1:6lQm79b+lXiMfvg/cZm0SGofjICqVBUtrP5yJMmIC1U=
github.com/gucumber/gucumber v0.0.0-20180127021336-7d5c79e832a2/go.mod h1:YbdHRK9ViqwGMS0rtRY+1I6faHvVyyurKPIPwifihxI=
github.com/jmespath/go-jmespath v0.0.0-20180206201540-c2b33e8439af h1:pmfjZENx5imkbgOkpRUYLnmbU7UEFbjtDA2hxJ1ichM=
github.com/jmespath/go-jmespath v0.0.0-20180206201540-c2b33e8439af/go.mod h1:Nht3zPeWKUH0NzdCt2Blrr5ys8VGpn0CEB0cQHVjt7k=
github.com/pkg/errors v0.8.0/go.mod h1:bwawxfHBFNV+L2hUp1rHADufV3IMtnDRdf1r5NINEl0=
github.com/pmezard/go-difflib v1.0.0 h1:4DBwDE0NGyQoBHbLQYPwSUPoCMWR5BEzIk/f1lZbAQM=
github.com/pmezard/go-difflib v1.0.0/go.mod h1:iKH77koFhYxTK1pcRnkKkqfTogsbg7gZNVY4sRDYZ/4=
github.com/shiena/ansicolor v0.0.0-20151119151921-a422bbe96644/go.mod h1:nkxAfR/5quYxwPZhyDxgasBMnRtBZd0FCEpawpjMUFg=
github.com/smartystreets/assertions v0.0.0-20190401211740-f487f9de1cd3 h1:hBSHahWMEgzwRyS6dRpxY0XyjZsHyQ61s084wo5PJe0=
github.com/smartystreets/assertions v0.0.0-20190401211740-f487f9de1cd3/go.mod h1:OnSkiWE9lh6wB0YB77sQom3nweQdgAjqCqsofrRNTgc=
github.com/smartystreets/clock v0.0.0-20180622225331-ccbde14dc671 h1:wvSmZdRIBm4DONZZdBPoD/yjtj2wLiYowPDr55IZHxI=
github.com/smartystreets/clock v0.0.0-20180622225331-ccbde14dc671/go.mod h1:BsOg323oIf8BtWXjDSLZHE2jVzhjSahj1I+0ehz15rg=
github.com/smartystreets/gcs v0.0.0-20190404210300-e6766b603eeb h1:wtOkHYOD6Cs+qyijZVw3HnVKz2nDeLq/+E7iMZtr9ms=
github.com/smartystreets/gcs v0.0.0-20190404210300-e6766b603eeb/go.mod h1:mwGiJdp5ivbJr76pyLsc8wHz2md8QD8zL2EldGVThhI=
github.com/smartystreets/gunit v0.0.0-20180314194857-6f0d6275bdcd h1:p5kvxG4NHogJX1brTLtvUSGdW0/aBvIyqDSW7tmnsmQ=
github.com/smartystreets/gunit v0.0.0-20180314194857-6f0d6275bdcd/go.mod h1:XUKj4gbqj2QvJk/OdLWzyZ3FYli0f+MdpngyryX0gcw=
github.com/smartystreets/listeners v0.0.0-20190307043813-98f2252e6734 h1:BZboo35G3I0+sq636RwKJ/n3StnDbnYQEa1ZEQsQJlI=
github.com/smartystreets/listeners v0.0.0-20190307043813-98f2252e6734/go.mod h1:Erxio5TwQ3Fi1aF1hFxTgaBHIet97sdGgjIVyrt/O2Y=
github.com/smartystreets/logging v0.0.0-20180120051237-fcc265ebff02 h1:ja8mc9Oq8jnzSxBBZAOkxYudug16fUi5YdSTueqp9qQ=
github.com/smartystreets/logging v0.0.0-20180120051237-fcc265ebff02/go.mod h1:CFznTL3ZATteeeLCfHP4kXU02NEeNiHsmMyxC6Fy2k0=
github.com/smartystreets/messaging v0.0.0-20190324052739-bacacbd6bf46 h1:O+LjfWCrIAo57US+V+vHRDaLaocqRJwl9lHL8RaODJI=
github.com/smartystreets/messaging v0.0.0-20190324052739-bacacbd6bf46/go.mod h1:sJ3Ru4p4kuO8XBWYOyiewrkRgkl2qw+1eiIsi0LYp+A=
github.com/smartystreets/nu v0.0.0-20190226173616-4319ba0772fd h1:CajcFwYjbTRew8G+5Un2RGOxUeZ7OZfMLqZohkowkxc=
github.com/smartystreets/nu v0.0.0-20190226173616-4319ba0772fd/go.mod h1:YHTKaLWN8Tokk5cwZd8t5xfZHlzPEdx17ibNLsFe/is=
github.com/smartystreets/s3 v0.0.0-20180906210853-8fd7677dd81f h1:/hgB3hzAd+QSmJ1V/I5xFYx2V3heJB2woGUPTEuM6Ng=
github.com/smartystreets/s3 v0.0.0-20180906210853-8fd7677dd81f/go.mod h1:ruif7I3ZVsPrXJ8XFty96cJApCAO0dGBfwwwJt1QJcc=
github.com/stretchr/objx v0.1.0/go.mod h1:HFkY916IF+rwdDfMAkV7OtwuqBVzrE8GR6GFx+wExME=
github.com/stretchr/testify v1.2.2 h1:bSDNvY7ZPG5RlJ8otE/7V6gMiyenm9RtJ7IUVIAoJ1w=
github.com/stretchr/testify v1.2.2/go.mod h1:a8OnRcib4nhh0OaRAV+Yts87kKdq0PP7pXfy6kDkUVs=
github.com/stretchr/testify v1.3.0 h1:TivCn/peBQ7UY8ooIcPgZFpTNSz0Q2U6UrFlUfqbe0Q=
github.com/stretchr/testify v1.3.0/go.mod h1:M5WIy9Dh21IEIfnGCwXGc5bZfKNJtfHm1UVUgZn+9EI=
golang.org/x/net v0.0.0-20180724234803-3673e40ba225/go.mod h1:mL1N/T3taQHkDXs73rZJwtUhF3w3ftmwwsq0BUmARs4=
golang.org/x/net v0.0.0-20181201002055-351d144fa1fc/go.mod h1:mL1N/T3taQHkDXs73rZJwtUhF3w3ftmwwsq0BUmARs4=
golang.org/x/text v0.3.0/go.mod h1:NqM8EUOU14njkJ3fqMW+pc6Ldnwhi/IjpwHt7yyuwOQ=
google.golang.org/appengine v1.2.0/go.mod h1:xpcJRLb0r/rnEns0DIKYYv+WjYCduHsrkT7/EB5XEv4=
